
Microsoft Visual Studio Solution File, Format Version 12.00
# Visual Studio Version 17
VisualStudioVersion = 17.7.34024.191
MinimumVisualStudioVersion = 10.0.40219.1
Project("{FAE04EC0-301F-11D3-BF4B-00C04F79EFBC}") = "Hdiff_Patcher", "Hdiff_Patcher\Hdiff_Patcher.csproj", "{A421A861-47A4-4B16-9A26-64D90354DCBC}"
EndProject
Global
	GlobalSection(SolutionConfigurationPlatforms) = preSolution
		Debug|Any CPU = Debug|Any CPU
		Release|Any CPU = Release|Any CPU
	EndGlobalSection
	GlobalSection(ProjectConfigurationPlatforms) = postSolution
		{A421A861-47A4-4B16-9A26-64D90354DCBC}.Debug|Any CPU.ActiveCfg = Debug|Any CPU
		{A421A861-47A4-4B16-9A26-64D90354DCBC}.Debug|Any CPU.Build.0 = Debug|Any CPU
		{A421A861-47A4-4B16-9A26-64D90354DCBC}.Release|Any CPU.ActiveCfg = Release|Any CPU
		{A421A861-47A4-4B16-9A26-64D90354DCBC}.Release|Any CPU.Build.0 = Release|Any CPU
	EndGlobalSection
	GlobalSection(SolutionProperties) = preSolution
		HideSolutionNode = FALSE
	EndGlobalSection
	GlobalSection(ExtensibilityGlobals) = postSolution
		SolutionGuid = {F594601C-1FE1-4C31-8C6A-87C429A76A80}
	EndGlobalSection
EndGlobal
